// !$*UTF8*$!
{
	archiveVersion = 1;
	classes = {
	};
	objectVersion = 55;
	objects = {

/* Begin PBXBuildFile section */
		191F29EA287D9669006746CF /* LoginViewController.swift in Sources */ = {isa = PBXBuildFile; fileRef = 191F29E8287D9669006746CF /* LoginViewController.swift */; };
		191F29EB287D9669006746CF /* LoginViewController.xib in Resources */ = {isa = PBXBuildFile; fileRef = 191F29E9287D9669006746CF /* LoginViewController.xib */; };
		191F29F1287D980A006746CF /* FirebaseAuth in Frameworks */ = {isa = PBXBuildFile; productRef = 191F29F0287D980A006746CF /* FirebaseAuth */; };
		191F29F3287D980A006746CF /* FirebaseDatabase in Frameworks */ = {isa = PBXBuildFile; productRef = 191F29F2287D980A006746CF /* FirebaseDatabase */; };
		19F0A5CD287CD48200A5D4E6 /* AppDelegate.swift in Sources */ = {isa = PBXBuildFile; fileRef = 19F0A5CC287CD48200A5D4E6 /* AppDelegate.swift */; };
		19F0A5CF287CD48200A5D4E6 /* SceneDelegate.swift in Sources */ = {isa = PBXBuildFile; fileRef = 19F0A5CE287CD48200A5D4E6 /* SceneDelegate.swift */; };
		19F0A5D1287CD48200A5D4E6 /* ViewController.swift in Sources */ = {isa = PBXBuildFile; fileRef = 19F0A5D0287CD48200A5D4E6 /* ViewController.swift */; };
		19F0A5D4287CD48200A5D4E6 /* Main.storyboard in Resources */ = {isa = PBXBuildFile; fileRef = 19F0A5D2287CD48200A5D4E6 /* Main.storyboard */; };
		19F0A5D6287CD48400A5D4E6 /* Assets.xcassets in Resources */ = {isa = PBXBuildFile; fileRef = 19F0A5D5287CD48400A5D4E6 /* Assets.xcassets */; };
		19F0A5D9287CD48400A5D4E6 /* LaunchScreen.storyboard in Resources */ = {isa = PBXBuildFile; fileRef = 19F0A5D7287CD48400A5D4E6 /* LaunchScreen.storyboard */; };
		A938D009A2E569EEBECD1A3F /* Pods_STS.framework in Frameworks */ = {isa = PBXBuildFile; fileRef = 7965D0641FA41DBDF526D6F4 /* Pods_STS.framework */; };
/* End PBXBuildFile section */

/* Begin PBXFileReference section */
		191F29E8287D9669006746CF /* LoginViewController.swift */ = {isa = PBXFileReference; lastKnownFileType = sourcecode.swift; path = LoginViewController.swift; sourceTree = "<group>"; };
		191F29E9287D9669006746CF /* LoginViewController.xib */ = {isa = PBXFileReference; lastKnownFileType = file.xib; path = LoginViewController.xib; sourceTree = "<group>"; };
		19F0A5C9287CD48200A5D4E6 /* STS.app */ = {isa = PBXFileReference; explicitFileType = wrapper.application; includeInIndex = 0; path = STS.app; sourceTree = BUILT_PRODUCTS_DIR; };
		19F0A5CC287CD48200A5D4E6 /* AppDelegate.swift */ = {isa = PBXFileReference; lastKnownFileType = sourcecode.swift; path = AppDelegate.swift; sourceTree = "<group>"; };
		19F0A5CE287CD48200A5D4E6 /* SceneDelegate.swift */ = {isa = PBXFileReference; lastKnownFileType = sourcecode.swift; path = SceneDelegate.swift; sourceTree = "<group>"; };
		19F0A5D0287CD48200A5D4E6 /* ViewController.swift */ = {isa = PBXFileReference; lastKnownFileType = sourcecode.swift; path = ViewController.swift; sourceTree = "<group>"; };
		19F0A5D3287CD48200A5D4E6 /* Base */ = {isa = PBXFileReference; lastKnownFileType = file.storyboard; name = Base; path = Base.lproj/Main.storyboard; sourceTree = "<group>"; };
		19F0A5D5287CD48400A5D4E6 /* Assets.xcassets */ = {isa = PBXFileReference; lastKnownFileType = folder.assetcatalog; path = Assets.xcassets; sourceTree = "<group>"; };
		19F0A5D8287CD48400A5D4E6 /* Base */ = {isa = PBXFileReference; lastKnownFileType = file.storyboard; name = Base; path = Base.lproj/LaunchScreen.storyboard; sourceTree = "<group>"; };
		19F0A5DA287CD48400A5D4E6 /* Info.plist */ = {isa = PBXFileReference; lastKnownFileType = text.plist.xml; path = Info.plist; sourceTree = "<group>"; };
		6401518095880B26BE389E1B /* Pods-STS.release.xcconfig */ = {isa = PBXFileReference; includeInIndex = 1; lastKnownFileType = text.xcconfig; name = "Pods-STS.release.xcconfig"; path = "Target Support Files/Pods-STS/Pods-STS.release.xcconfig"; sourceTree = "<group>"; };
		7965D0641FA41DBDF526D6F4 /* Pods_STS.framework */ = {isa = PBXFileReference; explicitFileType = wrapper.framework; includeInIndex = 0; path = Pods_STS.framework; sourceTree = BUILT_PRODUCTS_DIR; };
		9F69A001B0894250E400DF8E /* Pods-STS.debug.xcconfig */ = {isa = PBXFileReference; includeInIndex = 1; lastKnownFileType = text.xcconfig; name = "Pods-STS.debug.xcconfig"; path = "Target Support Files/Pods-STS/Pods-STS.debug.xcconfig"; sourceTree = "<group>"; };
/* End PBXFileReference section */

/* Begin PBXFrameworksBuildPhase section */
		19F0A5C6287CD48200A5D4E6 /* Frameworks */ = {
			isa = PBXFrameworksBuildPhase;
			buildActionMask = 2147483647;
			files = (
				191F29F3287D980A006746CF /* FirebaseDatabase in Frameworks */,
				191F29F1287D980A006746CF /* FirebaseAuth in Frameworks */,
				A938D009A2E569EEBECD1A3F /* Pods_STS.framework in Frameworks */,
			);
			runOnlyForDeploymentPostprocessing = 0;
		};
/* End PBXFrameworksBuildPhase section */

/* Begin PBXGroup section */
		191F29DF287D8A4A006746CF /* SupportFiles */ = {
			isa = PBXGroup;
			children = (
				19F0A5D5287CD48400A5D4E6 /* Assets.xcassets */,
				19F0A5D7287CD48400A5D4E6 /* LaunchScreen.storyboard */,
				19F0A5DA287CD48400A5D4E6 /* Info.plist */,
			);
			path = SupportFiles;
			sourceTree = "<group>";
		};
		191F29E7287D95ED006746CF /* LoginViewController */ = {
			isa = PBXGroup;
			children = (
				191F29E8287D9669006746CF /* LoginViewController.swift */,
				191F29E9287D9669006746CF /* LoginViewController.xib */,
			);
			path = LoginViewController;
			sourceTree = "<group>";
		};
		19F0A5C0287CD48200A5D4E6 = {
			isa = PBXGroup;
			children = (
				19F0A5CB287CD48200A5D4E6 /* STS */,
				19F0A5CA287CD48200A5D4E6 /* Products */,
				331755619EFACEC106D16DE7 /* Pods */,
				50E458FAE6A35F8E3C5F1E9F /* Frameworks */,
			);
			sourceTree = "<group>";
		};
		19F0A5CA287CD48200A5D4E6 /* Products */ = {
			isa = PBXGroup;
			children = (
				19F0A5C9287CD48200A5D4E6 /* STS.app */,
			);
			name = Products;
			sourceTree = "<group>";
		};
		19F0A5CB287CD48200A5D4E6 /* STS */ = {
			isa = PBXGroup;
			children = (
				191F29E7287D95ED006746CF /* LoginViewController */,
				19F0A5CC287CD48200A5D4E6 /* AppDelegate.swift */,
				19F0A5CE287CD48200A5D4E6 /* SceneDelegate.swift */,
				19F0A5D0287CD48200A5D4E6 /* ViewController.swift */,
				19F0A5D2287CD48200A5D4E6 /* Main.storyboard */,
				191F29DF287D8A4A006746CF /* SupportFiles */,
			);
			path = STS;
			sourceTree = "<group>";
		};
		331755619EFACEC106D16DE7 /* Pods */ = {
			isa = PBXGroup;
			children = (
				9F69A001B0894250E400DF8E /* Pods-STS.debug.xcconfig */,
				6401518095880B26BE389E1B /* Pods-STS.release.xcconfig */,
			);
			name = Pods;
			path = Pods;
			sourceTree = "<group>";
		};
		50E458FAE6A35F8E3C5F1E9F /* Frameworks */ = {
			isa = PBXGroup;
			children = (
				7965D0641FA41DBDF526D6F4 /* Pods_STS.framework */,
			);
			name = Frameworks;
			sourceTree = "<group>";
		};
/* End PBXGroup section */

/* Begin PBXNativeTarget section */
		19F0A5C8287CD48200A5D4E6 /* STS */ = {
			isa = PBXNativeTarget;
			buildConfigurationList = 19F0A5DD287CD48400A5D4E6 /* Build configuration list for PBXNativeTarget "STS" */;
			buildPhases = (
				E2154E491C1ADEE7C963847C /* [CP] Check Pods Manifest.lock */,
				19F0A5C5287CD48200A5D4E6 /* Sources */,
				19F0A5C6287CD48200A5D4E6 /* Frameworks */,
				19F0A5C7287CD48200A5D4E6 /* Resources */,
				4A2C33C2112A19AAA90B5FC1 /* [CP] Embed Pods Frameworks */,
			);
			buildRules = (
			);
			dependencies = (
			);
			name = STS;
			packageProductDependencies = (
				191F29F0287D980A006746CF /* FirebaseAuth */,
				191F29F2287D980A006746CF /* FirebaseDatabase */,
			);
			productName = STS;
			productReference = 19F0A5C9287CD48200A5D4E6 /* STS.app */;
			productType = "com.apple.product-type.application";
		};
/* End PBXNativeTarget section */

/* Begin PBXProject section */
		19F0A5C1287CD48200A5D4E6 /* Project object */ = {
			isa = PBXProject;
			attributes = {
				BuildIndependentTargetsInParallel = 1;
				LastSwiftUpdateCheck = 1310;
				LastUpgradeCheck = 1310;
				TargetAttributes = {
					19F0A5C8287CD48200A5D4E6 = {
						CreatedOnToolsVersion = 13.1;
					};
				};
			};
			buildConfigurationList = 19F0A5C4287CD48200A5D4E6 /* Build configuration list for PBXProject "STS" */;
			compatibilityVersion = "Xcode 13.0";
			developmentRegion = en;
			hasScannedForEncodings = 0;
			knownRegions = (
				en,
				Base,
			);
			mainGroup = 19F0A5C0287CD48200A5D4E6;
			packageReferences = (
				191F29EF287D980A006746CF /* XCRemoteSwiftPackageReference "firebase-ios-sdk" */,
			);
			productRefGroup = 19F0A5CA287CD48200A5D4E6 /* Products */;
			projectDirPath = "";
			projectRoot = "";
			targets = (
				19F0A5C8287CD48200A5D4E6 /* STS */,
			);
		};
/* End PBXProject section */

/* Begin PBXResourcesBuildPhase section */
		19F0A5C7287CD48200A5D4E6 /* Resources */ = {
			isa = PBXResourcesBuildPhase;
			buildActionMask = 2147483647;
			files = (
				191F29EB287D9669006746CF /* LoginViewController.xib in Resources */,
				19F0A5D9287CD48400A5D4E6 /* LaunchScreen.storyboard in Resources */,
				19F0A5D6287CD48400A5D4E6 /* Assets.xcassets in Resources */,
				19F0A5D4287CD48200A5D4E6 /* Main.storyboard in Resources */,
			);
			runOnlyForDeploymentPostprocessing = 0;
		};
/* End PBXResourcesBuildPhase section */

/* Begin PBXShellScriptBuildPhase section */
		4A2C33C2112A19AAA90B5FC1 /* [CP] Embed Pods Frameworks */ = {
			isa = PBXShellScriptBuildPhase;
			buildActionMask = 2147483647;
			files = (
			);
			inputFileListPaths = (
				"${PODS_ROOT}/Target Support Files/Pods-STS/Pods-STS-frameworks-${CONFIGURATION}-input-files.xcfilelist",
			);
			name = "[CP] Embed Pods Frameworks";
			outputFileListPaths = (
				"${PODS_ROOT}/Target Support Files/Pods-STS/Pods-STS-frameworks-${CONFIGURATION}-output-files.xcfilelist",
			);
			runOnlyForDeploymentPostprocessing = 0;
			shellPath = /bin/sh;
			shellScript = "\"${PODS_ROOT}/Target Support Files/Pods-STS/Pods-STS-frameworks.sh\"\n";
			showEnvVarsInLog = 0;
		};
		E2154E491C1ADEE7C963847C /* [CP] Check Pods Manifest.lock */ = {
			isa = PBXShellScriptBuildPhase;
			buildActionMask = 2147483647;
			files = (
			);
			inputFileListPaths = (
			);
			inputPaths = (
				"${PODS_PODFILE_DIR_PATH}/Podfile.lock",
				"${PODS_ROOT}/Manifest.lock",
			);
			name = "[CP] Check Pods Manifest.lock";
			outputFileListPaths = (
			);
			outputPaths = (
				"$(DERIVED_FILE_DIR)/Pods-STS-checkManifestLockResult.txt",
			);
			runOnlyForDeploymentPostprocessing = 0;
			shellPath = /bin/sh;
			shellScript = "diff \"${PODS_PODFILE_DIR_PATH}/Podfile.lock\" \"${PODS_ROOT}/Manifest.lock\" > /dev/null\nif [ $? != 0 ] ; then\n    # print error to STDERR\n    echo \"error: The sandbox is not in sync with the Podfile.lock. Run 'pod install' or update your CocoaPods installation.\" >&2\n    exit 1\nfi\n# This output is used by Xcode 'outputs' to avoid re-running this script phase.\necho \"SUCCESS\" > \"${SCRIPT_OUTPUT_FILE_0}\"\n";
			showEnvVarsInLog = 0;
		};
/* End PBXShellScriptBuildPhase section */

/* Begin PBXSourcesBuildPhase section */
		19F0A5C5287CD48200A5D4E6 /* Sources */ = {
			isa = PBXSourcesBuildPhase;
			buildActionMask = 2147483647;
			files = (
				191F29EA287D9669006746CF /* LoginViewController.swift in Sources */,
				19F0A5D1287CD48200A5D4E6 /* ViewController.swift in Sources */,
				19F0A5CD287CD48200A5D4E6 /* AppDelegate.swift in Sources */,
				19F0A5CF287CD48200A5D4E6 /* SceneDelegate.swift in Sources */,
			);
			runOnlyForDeploymentPostprocessing = 0;
		};
/* End PBXSourcesBuildPhase section */

/* Begin PBXVariantGroup section */
		19F0A5D2287CD48200A5D4E6 /* Main.storyboard */ = {
			isa = PBXVariantGroup;
			children = (
				19F0A5D3287CD48200A5D4E6 /* Base */,
			);
			name = Main.storyboard;
			sourceTree = "<group>";
		};
		19F0A5D7287CD48400A5D4E6 /* LaunchScreen.storyboard */ = {
			isa = PBXVariantGroup;
			children = (
				19F0A5D8287CD48400A5D4E6 /* Base */,
			);
			name = LaunchScreen.storyboard;
			sourceTree = "<group>";
		};
/* End PBXVariantGroup section */

/* Begin XCBuildConfiguration section */
		19F0A5DB287CD48400A5D4E6 /* Debug */ = {
			isa = XCBuildConfiguration;
			buildSettings = {
				ALWAYS_SEARCH_USER_PATHS = NO;
				CLANG_ANALYZER_NONNULL = YES;
				CLANG_ANALYZER_NUMBER_OBJECT_CONVERSION = YES_AGGRESSIVE;
				CLANG_CXX_LANGUAGE_STANDARD = "gnu++17";
				CLANG_CXX_LIBRARY = "libc++";
				CLANG_ENABLE_MODULES = YES;
				CLANG_ENABLE_OBJC_ARC = YES;
				CLANG_ENABLE_OBJC_WEAK = YES;
				CLANG_WARN_BLOCK_CAPTURE_AUTORELEASING = YES;
				CLANG_WARN_BOOL_CONVERSION = YES;
				CLANG_WARN_COMMA = YES;
				CLANG_WARN_CONSTANT_CONVERSION = YES;
				CLANG_WARN_DEPRECATED_OBJC_IMPLEMENTATIONS = YES;
				CLANG_WARN_DIRECT_OBJC_ISA_USAGE = YES_ERROR;
				CLANG_WARN_DOCUMENTATION_COMMENTS = YES;
				CLANG_WARN_EMPTY_BODY = YES;
				CLANG_WARN_ENUM_CONVERSION = YES;
				CLANG_WARN_INFINITE_RECURSION = YES;
				CLANG_WARN_INT_CONVERSION = YES;
				CLANG_WARN_NON_LITERAL_NULL_CONVERSION = YES;
				CLANG_WARN_OBJC_IMPLICIT_RETAIN_SELF = YES;
				CLANG_WARN_OBJC_LITERAL_CONVERSION = YES;
				CLANG_WARN_OBJC_ROOT_CLASS = YES_ERROR;
				CLANG_WARN_QUOTED_INCLUDE_IN_FRAMEWORK_HEADER = YES;
				CLANG_WARN_RANGE_LOOP_ANALYSIS = YES;
				CLANG_WARN_STRICT_PROTOTYPES = YES;
				CLANG_WARN_SUSPICIOUS_MOVE = YES;
				CLANG_WARN_UNGUARDED_AVAILABILITY = YES_AGGRESSIVE;
				CLANG_WARN_UNREACHABLE_CODE = YES;
				CLANG_WARN__DUPLICATE_METHOD_MATCH = YES;
				COPY_PHASE_STRIP = NO;
				DEBUG_INFORMATION_FORMAT = dwarf;
				ENABLE_STRICT_OBJC_MSGSEND = YES;
				ENABLE_TESTABILITY = YES;
				GCC_C_LANGUAGE_STANDARD = gnu11;
				GCC_DYNAMIC_NO_PIC = NO;
				GCC_NO_COMMON_BLOCKS = YES;
				GCC_OPTIMIZATION_LEVEL = 0;
				GCC_PREPROCESSOR_DEFINITIONS = (
					"DEBUG=1",
					"$(inherited)",
				);
				GCC_WARN_64_TO_32_BIT_CONVERSION = YES;
				GCC_WARN_ABOUT_RETURN_TYPE = YES_ERROR;
				GCC_WARN_UNDECLARED_SELECTOR = YES;
				GCC_WARN_UNINITIALIZED_AUTOS = YES_AGGRESSIVE;
				GCC_WARN_UNUSED_FUNCTION = YES;
				GCC_WARN_UNUSED_VARIABLE = YES;
				IPHONEOS_DEPLOYMENT_TARGET = 15.0;
				MTL_ENABLE_DEBUG_INFO = INCLUDE_SOURCE;
				MTL_FAST_MATH = YES;
				ONLY_ACTIVE_ARCH = YES;
				SDKROOT = iphoneos;
				SWIFT_ACTIVE_COMPILATION_CONDITIONS = DEBUG;
				SWIFT_OPTIMIZATION_LEVEL = "-Onone";
			};
			name = Debug;
		};
		19F0A5DC287CD48400A5D4E6 /* Release */ = {
			isa = XCBuildConfiguration;
			buildSettings = {
				ALWAYS_SEARCH_USER_PATHS = NO;
				CLANG_ANALYZER_NONNULL = YES;
				CLANG_ANALYZER_NUMBER_OBJECT_CONVERSION = YES_AGGRESSIVE;
				CLANG_CXX_LANGUAGE_STANDARD = "gnu++17";
				CLANG_CXX_LIBRARY = "libc++";
				CLANG_ENABLE_MODULES = YES;
				CLANG_ENABLE_OBJC_ARC = YES;
				CLANG_ENABLE_OBJC_WEAK = YES;
				CLANG_WARN_BLOCK_CAPTURE_AUTORELEASING = YES;
				CLANG_WARN_BOOL_CONVERSION = YES;
				CLANG_WARN_COMMA = YES;
				CLANG_WARN_CONSTANT_CONVERSION = YES;
				CLANG_WARN_DEPRECATED_OBJC_IMPLEMENTATIONS = YES;
				CLANG_WARN_DIRECT_OBJC_ISA_USAGE = YES_ERROR;
				CLANG_WARN_DOCUMENTATION_COMMENTS = YES;
				CLANG_WARN_EMPTY_BODY = YES;
				CLANG_WARN_ENUM_CONVERSION = YES;
				CLANG_WARN_INFINITE_RECURSION = YES;
				CLANG_WARN_INT_CONVERSION = YES;
				CLANG_WARN_NON_LITERAL_NULL_CONVERSION = YES;
				CLANG_WARN_OBJC_IMPLICIT_RETAIN_SELF = YES;
				CLANG_WARN_OBJC_LITERAL_CONVERSION = YES;
				CLANG_WARN_OBJC_ROOT_CLASS = YES_ERROR;
				CLANG_WARN_QUOTED_INCLUDE_IN_FRAMEWORK_HEADER = YES;
				CLANG_WARN_RANGE_LOOP_ANALYSIS = YES;
				CLANG_WARN_STRICT_PROTOTYPES = YES;
				CLANG_WARN_SUSPICIOUS_MOVE = YES;
				CLANG_WARN_UNGUARDED_AVAILABILITY = YES_AGGRESSIVE;
				CLANG_WARN_UNREACHABLE_CODE = YES;
				CLANG_WARN__DUPLICATE_METHOD_MATCH = YES;
				COPY_PHASE_STRIP = NO;
				DEBUG_INFORMATION_FORMAT = "dwarf-with-dsym";
				ENABLE_NS_ASSERTIONS = NO;
				ENABLE_STRICT_OBJC_MSGSEND = YES;
				GCC_C_LANGUAGE_STANDARD = gnu11;
				GCC_NO_COMMON_BLOCKS = YES;
				GCC_WARN_64_TO_32_BIT_CONVERSION = YES;
				GCC_WARN_ABOUT_RETURN_TYPE = YES_ERROR;
				GCC_WARN_UNDECLARED_SELECTOR = YES;
				GCC_WARN_UNINITIALIZED_AUTOS = YES_AGGRESSIVE;
				GCC_WARN_UNUSED_FUNCTION = YES;
				GCC_WARN_UNUSED_VARIABLE = YES;
				IPHONEOS_DEPLOYMENT_TARGET = 15.0;
				MTL_ENABLE_DEBUG_INFO = NO;
				MTL_FAST_MATH = YES;
				SDKROOT = iphoneos;
				SWIFT_COMPILATION_MODE = wholemodule;
				SWIFT_OPTIMIZATION_LEVEL = "-O";
				VALIDATE_PRODUCT = YES;
			};
			name = Release;
		};
		19F0A5DE287CD48400A5D4E6 /* Debug */ = {
			isa = XCBuildConfiguration;
			baseConfigurationReference = 9F69A001B0894250E400DF8E /* Pods-STS.debug.xcconfig */;
			buildSettings = {
				ASSETCATALOG_COMPILER_APPICON_NAME = AppIcon;
				ASSETCATALOG_COMPILER_GLOBAL_ACCENT_COLOR_NAME = AccentColor;
				CODE_SIGN_STYLE = Automatic;
				CURRENT_PROJECT_VERSION = 1;
				GENERATE_INFOPLIST_FILE = YES;
				INFOPLIST_FILE = STS/SupportFiles/Info.plist;
				INFOPLIST_KEY_UIApplicationSupportsIndirectInputEvents = YES;
				INFOPLIST_KEY_UILaunchStoryboardName = LaunchScreen;
				INFOPLIST_KEY_UIMainStoryboardFile = Main;
				INFOPLIST_KEY_UISupportedInterfaceOrientations_iPad = "UIInterfaceOrientationPortrait UIInterfaceOrientationPortraitUpsideDown UIInterfaceOrientationLandscapeLeft UIInterfaceOrientationLandscapeRight";
				INFOPLIST_KEY_UISupportedInterfaceOrientations_iPhone = "UIInterfaceOrientationPortrait UIInterfaceOrientationLandscapeLeft UIInterfaceOrientationLandscapeRight";
				LD_RUNPATH_SEARCH_PATHS = (
					"$(inherited)",
					"@executable_path/Frameworks",
				);
				MARKETING_VERSION = 1.0;
				PRODUCT_BUNDLE_IDENTIFIER = AE.STS;
				PRODUCT_NAME = "$(TARGET_NAME)";
				SWIFT_EMIT_LOC_STRINGS = YES;
				SWIFT_VERSION = 5.0;
				TARGETED_DEVICE_FAMILY = "1,2";
			};
			name = Debug;
		};
		19F0A5DF287CD48400A5D4E6 /* Release */ = {
			isa = XCBuildConfiguration;
			baseConfigurationReference = 6401518095880B26BE389E1B /* Pods-STS.release.xcconfig */;
			buildSettings = {
				ASSETCATALOG_COMPILER_APPICON_NAME = AppIcon;
				ASSETCATALOG_COMPILER_GLOBAL_ACCENT_COLOR_NAME = AccentColor;
				CODE_SIGN_STYLE = Automatic;
				CURRENT_PROJECT_VERSION = 1;
				GENERATE_INFOPLIST_FILE = YES;
				INFOPLIST_FILE = STS/SupportFiles/Info.plist;
				INFOPLIST_KEY_UIApplicationSupportsIndirectInputEvents = YES;
				INFOPLIST_KEY_UILaunchStoryboardName = LaunchScreen;
				INFOPLIST_KEY_UIMainStoryboardFile = Main;
				INFOPLIST_KEY_UISupportedInterfaceOrientations_iPad = "UIInterfaceOrientationPortrait UIInterfaceOrientationPortraitUpsideDown UIInterfaceOrientationLandscapeLeft UIInterfaceOrientationLandscapeRight";
				INFOPLIST_KEY_UISupportedInterfaceOrientations_iPhone = "UIInterfaceOrientationPortrait UIInterfaceOrientationLandscapeLeft UIInterfaceOrientationLandscapeRight";
				LD_RUNPATH_SEARCH_PATHS = (
					"$(inherited)",
					"@executable_path/Frameworks",
				);
				MARKETING_VERSION = 1.0;
				PRODUCT_BUNDLE_IDENTIFIER = AE.STS;
				PRODUCT_NAME = "$(TARGET_NAME)";
				SWIFT_EMIT_LOC_STRINGS = YES;
				SWIFT_VERSION = 5.0;
				TARGETED_DEVICE_FAMILY = "1,2";
			};
			name = Release;
		};
/* End XCBuildConfiguration section */

/* Begin XCConfigurationList section */
		19F0A5C4287CD48200A5D4E6 /* Build configuration list for PBXProject "STS" */ = {
			isa = XCConfigurationList;
			buildConfigurations = (
				19F0A5DB287CD48400A5D4E6 /* Debug */,
				19F0A5DC287CD48400A5D4E6 /* Release */,
			);
			defaultConfigurationIsVisible = 0;
			defaultConfigurationName = Release;
		};
		19F0A5DD287CD48400A5D4E6 /* Build configuration list for PBXNativeTarget "STS" */ = {
			isa = XCConfigurationList;
			buildConfigurations = (
				19F0A5DE287CD48400A5D4E6 /* Debug */,
				19F0A5DF287CD48400A5D4E6 /* Release */,
			);
			defaultConfigurationIsVisible = 0;
			defaultConfigurationName = Release;
		};
/* End XCConfigurationList section */

/* Begin XCRemoteSwiftPackageReference section */
		191F29EF287D980A006746CF /* XCRemoteSwiftPackageReference "firebase-ios-sdk" */ = {
			isa = XCRemoteSwiftPackageReference;
			repositoryURL = "https://github.com/firebase/firebase-ios-sdk";
			requirement = {
				kind = upToNextMajorVersion;
				minimumVersion = 8.0.0;
			};
		};
/* End XCRemoteSwiftPackageReference section */

/* Begin XCSwiftPackageProductDependency section */
		191F29F0287D980A006746CF /* FirebaseAuth */ = {
			isa = XCSwiftPackageProductDependency;
			package = 191F29EF287D980A006746CF /* XCRemoteSwiftPackageReference "firebase-ios-sdk" */;
			productName = FirebaseAuth;
		};
		191F29F2287D980A006746CF /* FirebaseDatabase */ = {
			isa = XCSwiftPackageProductDependency;
			package = 191F29EF287D980A006746CF /* XCRemoteSwiftPackageReference "firebase-ios-sdk" */;
			productName = FirebaseDatabase;
		};
/* End XCSwiftPackageProductDependency section */
	};
	rootObject = 19F0A5C1287CD48200A5D4E6 /* Project object */;
}
